
Microsoft Visual Studio Solution File, Format Version 12.00
# Visual Studio Version 17
VisualStudioVersion = 17.6.33620.401
MinimumVisualStudioVersion = 10.0.40219.1
Project("{8BC9CEB8-8B4A-11D0-8D11-00A0C91BC942}") = "git_proj_test", "git_proj_test\git_proj_test.vcxproj", "{77CAFFA6-8275-4E95-BE19-ED012111CDA0}"
EndProject
Global
	GlobalSection(SolutionConfigurationPlatforms) = preSolution
		Debug|x64 = Debug|x64
		Debug|x86 = Debug|x86
		Release|x64 = Release|x64
		Release|x86 = Release|x86
	EndGlobalSection
	GlobalSection(ProjectConfigurationPlatforms) = postSolution
		{77CAFFA6-8275-4E95-BE19-ED012111CDA0}.Debug|x64.ActiveCfg = Debug|x64
		{77CAFFA6-8275-4E95-BE19-ED012111CDA0}.Debug|x64.Build.0 = Debug|x64
		{77CAFFA6-8275-4E95-BE19-ED012111CDA0}.Debug|x86.ActiveCfg = Debug|Win32
		{77CAFFA6-8275-4E95-BE19-ED012111CDA0}.Debug|x86.Build.0 = Debug|Win32
		{77CAFFA6-8275-4E95-BE19-ED012111CDA0}.Release|x64.ActiveCfg = Release|x64
		{77CAFFA6-8275-4E95-BE19-ED012111CDA0}.Release|x64.Build.0 = Release|x64
		{77CAFFA6-8275-4E95-BE19-ED012111CDA0}.Release|x86.ActiveCfg = Release|Win32
		{77CAFFA6-8275-4E95-BE19-ED012111CDA0}.Release|x86.Build.0 = Release|Win32
	EndGlobalSection
	GlobalSection(SolutionProperties) = preSolution
		HideSolutionNode = FALSE
	EndGlobalSection
	GlobalSection(ExtensibilityGlobals) = postSolution
		SolutionGuid = {8C65AF6D-752D-4BCC-8C6D-8155E23EBC87}
	EndGlobalSection
EndGlobal
